
Microsoft Visual Studio Solution File, Format Version 12.00
# Visual Studio Version 16
VisualStudioVersion = 16.0.30804.86
MinimumVisualStudioVersion = 10.0.40219.1
Project("{FAE04EC0-301F-11D3-BF4B-00C04F79EFBC}") = "OrderServiceBareBones", "OrderServiceBareBones\OrderServiceBareBones.csproj", "{7EB934DB-2E51-427F-A9DB-63E605E744C0}"
EndProject
Project("{FAE04EC0-301F-11D3-BF4B-00C04F79EFBC}") = "Messages", "Messages\Messages.csproj", "{F7DFD793-A2BA-4AFA-842D-6EBF168A1ABD}"
EndProject
Project("{FAE04EC0-301F-11D3-BF4B-00C04F79EFBC}") = "RabbitMqOrderService", "RabbitMqOrderService\RabbitMqOrderService.csproj", "{4EEC5A56-D9B1-411A-8025-64E5A4E90365}"
EndProject
Project("{FAE04EC0-301F-11D3-BF4B-00C04F79EFBC}") = "RabbitMqInventoryService", "RabbitMqInventoryService\RabbitMqInventoryService.csproj", "{1283A4C5-7A92-42C1-9834-10663EA212EE}"
EndProject
Project("{FAE04EC0-301F-11D3-BF4B-00C04F79EFBC}") = "AzureServiceBusOrderService", "AzureServiceBusOrderService\AzureServiceBusOrderService.csproj", "{4AA59670-9B14-443E-88B5-A11192FEF868}"
EndProject
Project("{FAE04EC0-301F-11D3-BF4B-00C04F79EFBC}") = "AzureServiceBusInventoryService", "AzureServiceBusInventoryService\AzureServiceBusInventoryService.csproj", "{060EC9A7-2AB6-4C16-B588-6753855C1437}"
EndProject
Global
	GlobalSection(SolutionConfigurationPlatforms) = preSolution
		Debug|Any CPU = Debug|Any CPU
		Release|Any CPU = Release|Any CPU
	EndGlobalSection
	GlobalSection(ProjectConfigurationPlatforms) = postSolution
		{7EB934DB-2E51-427F-A9DB-63E605E744C0}.Debug|Any CPU.ActiveCfg = Debug|Any CPU
		{7EB934DB-2E51-427F-A9DB-63E605E744C0}.Debug|Any CPU.Build.0 = Debug|Any CPU
		{7EB934DB-2E51-427F-A9DB-63E605E744C0}.Release|Any CPU.ActiveCfg = Release|Any CPU
		{7EB934DB-2E51-427F-A9DB-63E605E744C0}.Release|Any CPU.Build.0 = Release|Any CPU
		{F7DFD793-A2BA-4AFA-842D-6EBF168A1ABD}.Debug|Any CPU.ActiveCfg = Debug|Any CPU
		{F7DFD793-A2BA-4AFA-842D-6EBF168A1ABD}.Debug|Any CPU.Build.0 = Debug|Any CPU
		{F7DFD793-A2BA-4AFA-842D-6EBF168A1ABD}.Release|Any CPU.ActiveCfg = Release|Any CPU
		{F7DFD793-A2BA-4AFA-842D-6EBF168A1ABD}.Release|Any CPU.Build.0 = Release|Any CPU
		{4EEC5A56-D9B1-411A-8025-64E5A4E90365}.Debug|Any CPU.ActiveCfg = Debug|Any CPU
		{4EEC5A56-D9B1-411A-8025-64E5A4E90365}.Debug|Any CPU.Build.0 = Debug|Any CPU
		{4EEC5A56-D9B1-411A-8025-64E5A4E90365}.Release|Any CPU.ActiveCfg = Release|Any CPU
		{4EEC5A56-D9B1-411A-8025-64E5A4E90365}.Release|Any CPU.Build.0 = Release|Any CPU
		{1283A4C5-7A92-42C1-9834-10663EA212EE}.Debug|Any CPU.ActiveCfg = Debug|Any CPU
		{1283A4C5-7A92-42C1-9834-10663EA212EE}.Debug|Any CPU.Build.0 = Debug|Any CPU
		{1283A4C5-7A92-42C1-9834-10663EA212EE}.Release|Any CPU.ActiveCfg = Release|Any CPU
		{1283A4C5-7A92-42C1-9834-10663EA212EE}.Release|Any CPU.Build.0 = Release|Any CPU
		{4AA59670-9B14-443E-88B5-A11192FEF868}.Debug|Any CPU.ActiveCfg = Debug|Any CPU
		{4AA59670-9B14-443E-88B5-A11192FEF868}.Debug|Any CPU.Build.0 = Debug|Any CPU
		{4AA59670-9B14-443E-88B5-A11192FEF868}.Release|Any CPU.ActiveCfg = Release|Any CPU
		{4AA59670-9B14-443E-88B5-A11192FEF868}.Release|Any CPU.Build.0 = Release|Any CPU
		{060EC9A7-2AB6-4C16-B588-6753855C1437}.Debug|Any CPU.ActiveCfg = Debug|Any CPU
		{060EC9A7-2AB6-4C16-B588-6753855C1437}.Debug|Any CPU.Build.0 = Debug|Any CPU
		{060EC9A7-2AB6-4C16-B588-6753855C1437}.Release|Any CPU.ActiveCfg = Release|Any CPU
		{060EC9A7-2AB6-4C16-B588-6753855C1437}.Release|Any CPU.Build.0 = Release|Any CPU
	EndGlobalSection
	GlobalSection(SolutionProperties) = preSolution
		HideSolutionNode = FALSE
	EndGlobalSection
	GlobalSection(ExtensibilityGlobals) = postSolution
		SolutionGuid = {6EFB39E8-1693-4462-B0CF-33B48102FD84}
	EndGlobalSection
EndGlobal
